// !$*UTF8*$!
{
	archiveVersion = 1;
	classes = {
	};
	objectVersion = 56;
	objects = {

/* Begin PBXBuildFile section */
		8F6E611B2D1360B8000B9DD5 /* Assets.xcassets in Resources */ = {isa = PBXBuildFile; fileRef = 8F6E611A2D1360B8000B9DD5 /* Assets.xcassets */; };
		8F6E61292D13612F000B9DD5 /* main.cpp in Sources */ = {isa = PBXBuildFile; fileRef = 8F6E61272D13612F000B9DD5 /* main.cpp */; };
		8F6E61492D13661D000B9DD5 /* SDL2.framework in Frameworks */ = {isa = PBXBuildFile; fileRef = 8F6E612B2D13622C000B9DD5 /* SDL2.framework */; };
		8F6E614A2D13661D000B9DD5 /* SDL2.framework in Embed Frameworks */ = {isa = PBXBuildFile; fileRef = 8F6E612B2D13622C000B9DD5 /* SDL2.framework */; settings = {ATTRIBUTES = (CodeSignOnCopy, RemoveHeadersOnCopy, ); }; };
		8F6E61502D138001000B9DD5 /* SDL2_image.framework in Embed Frameworks */ = {isa = PBXBuildFile; fileRef = 8F6E614D2D136E18000B9DD5 /* SDL2_image.framework */; settings = {ATTRIBUTES = (CodeSignOnCopy, RemoveHeadersOnCopy, ); }; };
		8F6E61572D138640000B9DD5 /* circle.png in Resources */ = {isa = PBXBuildFile; fileRef = 8F6E61562D138640000B9DD5 /* circle.png */; };
		8F6E615A2D15DBBF000B9DD5 /* SdlManager.cpp in Sources */ = {isa = PBXBuildFile; fileRef = 8F6E61582D15DBBF000B9DD5 /* SdlManager.cpp */; };
		8F6E615D2D15E498000B9DD5 /* Shape.cpp in Sources */ = {isa = PBXBuildFile; fileRef = 8F6E615B2D15E498000B9DD5 /* Shape.cpp */; };
		8F6E61612D15E865000B9DD5 /* rectangle.png in Resources */ = {isa = PBXBuildFile; fileRef = 8F6E61602D15E865000B9DD5 /* rectangle.png */; };
		8F6E61682D15FDF0000B9DD5 /* SDL2_ttf.framework in Embed Frameworks */ = {isa = PBXBuildFile; fileRef = 8F6E61622D15F57B000B9DD5 /* SDL2_ttf.framework */; settings = {ATTRIBUTES = (CodeSignOnCopy, RemoveHeadersOnCopy, ); }; };
		8F6E61692D160147000B9DD5 /* SDL2_image.framework in Frameworks */ = {isa = PBXBuildFile; fileRef = 8F6E614D2D136E18000B9DD5 /* SDL2_image.framework */; };
		8F6E616A2D1601B9000B9DD5 /* SDL2_ttf.framework in Frameworks */ = {isa = PBXBuildFile; fileRef = 8F6E61622D15F57B000B9DD5 /* SDL2_ttf.framework */; };
		8F6E616C2D1603A7000B9DD5 /* NewYork.ttf in Resources */ = {isa = PBXBuildFile; fileRef = 8F6E616B2D1603A7000B9DD5 /* NewYork.ttf */; };
		8F6E616F2D1616BC000B9DD5 /* Score.cpp in Sources */ = {isa = PBXBuildFile; fileRef = 8F6E616D2D1616BC000B9DD5 /* Score.cpp */; };
		8F6E61722D1625B3000B9DD5 /* BallLogic.cpp in Sources */ = {isa = PBXBuildFile; fileRef = 8F6E61702D1625B3000B9DD5 /* BallLogic.cpp */; };
		8F6E61752D162639000B9DD5 /* Circle.cpp in Sources */ = {isa = PBXBuildFile; fileRef = 8F6E61732D162639000B9DD5 /* Circle.cpp */; };
		8F6E61782D1626C1000B9DD5 /* Rectangle.cpp in Sources */ = {isa = PBXBuildFile; fileRef = 8F6E61762D1626C1000B9DD5 /* Rectangle.cpp */; };
		8FC8E1722D2DB7D400A4B584 /* ShapeAssetManager.cpp in Sources */ = {isa = PBXBuildFile; fileRef = 8FC8E1702D2DB7D400A4B584 /* ShapeAssetManager.cpp */; };
		8FF449942D2C660300F1CA3E /* MoveCommand.cpp in Sources */ = {isa = PBXBuildFile; fileRef = 8FF449922D2C660300F1CA3E /* MoveCommand.cpp */; };
		8FF449A02D2C6E5300F1CA3E /* InputManager.cpp in Sources */ = {isa = PBXBuildFile; fileRef = 8FF4499E2D2C6E5300F1CA3E /* InputManager.cpp */; };
		8FF449A42D2C7F1300F1CA3E /* ShapeMovement.cpp in Sources */ = {isa = PBXBuildFile; fileRef = 8FF449A22D2C7F1300F1CA3E /* ShapeMovement.cpp */; };
/* End PBXBuildFile section */

/* Begin PBXCopyFilesBuildPhase section */
		8F6E614B2D13661D000B9DD5 /* Embed Frameworks */ = {
			isa = PBXCopyFilesBuildPhase;
			buildActionMask = 2147483647;
			dstPath = "";
			dstSubfolderSpec = 10;
			files = (
				8F6E614A2D13661D000B9DD5 /* SDL2.framework in Embed Frameworks */,
				8F6E61682D15FDF0000B9DD5 /* SDL2_ttf.framework in Embed Frameworks */,
				8F6E61502D138001000B9DD5 /* SDL2_image.framework in Embed Frameworks */,
			);
			name = "Embed Frameworks";
			runOnlyForDeploymentPostprocessing = 0;
		};
/* End PBXCopyFilesBuildPhase section */

/* Begin PBXFileReference section */
		8F6E61142D1360B6000B9DD5 /* SDL Test.app */ = {isa = PBXFileReference; explicitFileType = wrapper.application; includeInIndex = 0; path = "SDL Test.app"; sourceTree = BUILT_PRODUCTS_DIR; };
		8F6E611A2D1360B8000B9DD5 /* Assets.xcassets */ = {isa = PBXFileReference; lastKnownFileType = folder.assetcatalog; path = Assets.xcassets; sourceTree = "<group>"; };
		8F6E61212D1360B8000B9DD5 /* SDL_Test.entitlements */ = {isa = PBXFileReference; lastKnownFileType = text.plist.entitlements; path = SDL_Test.entitlements; sourceTree = "<group>"; };
		8F6E61272D13612F000B9DD5 /* main.cpp */ = {isa = PBXFileReference; lastKnownFileType = sourcecode.cpp.cpp; path = main.cpp; sourceTree = "<group>"; };
		8F6E61282D13612F000B9DD5 /* main.hpp */ = {isa = PBXFileReference; lastKnownFileType = sourcecode.cpp.h; path = main.hpp; sourceTree = "<group>"; };
		8F6E612B2D13622C000B9DD5 /* SDL2.framework */ = {isa = PBXFileReference; lastKnownFileType = wrapper.framework; name = SDL2.framework; path = ../../../../../Library/Frameworks/SDL2.framework; sourceTree = "<group>"; };
		8F6E614C2D1366C7000B9DD5 /* SDL-Test-Info.plist */ = {isa = PBXFileReference; lastKnownFileType = text.plist; path = "SDL-Test-Info.plist"; sourceTree = SOURCE_ROOT; };
		8F6E614D2D136E18000B9DD5 /* SDL2_image.framework */ = {isa = PBXFileReference; lastKnownFileType = wrapper.framework; name = SDL2_image.framework; path = ../../../../../Library/Frameworks/SDL2_image.framework; sourceTree = "<group>"; };
		8F6E61562D138640000B9DD5 /* circle.png */ = {isa = PBXFileReference; lastKnownFileType = image.png; name = circle.png; path = ../../../../Downloads/circle.png; sourceTree = "<group>"; };
		8F6E61582D15DBBF000B9DD5 /* SdlManager.cpp */ = {isa = PBXFileReference; lastKnownFileType = sourcecode.cpp.cpp; path = SdlManager.cpp; sourceTree = "<group>"; };
		8F6E61592D15DBBF000B9DD5 /* SdlManager.hpp */ = {isa = PBXFileReference; lastKnownFileType = sourcecode.cpp.h; path = SdlManager.hpp; sourceTree = "<group>"; };
		8F6E615B2D15E498000B9DD5 /* Shape.cpp */ = {isa = PBXFileReference; lastKnownFileType = sourcecode.cpp.cpp; path = Shape.cpp; sourceTree = "<group>"; };
		8F6E615C2D15E498000B9DD5 /* Shape.hpp */ = {isa = PBXFileReference; lastKnownFileType = sourcecode.cpp.h; path = Shape.hpp; sourceTree = "<group>"; };
		8F6E61602D15E865000B9DD5 /* rectangle.png */ = {isa = PBXFileReference; lastKnownFileType = image.png; name = rectangle.png; path = ../../../../Downloads/rectangle.png; sourceTree = "<group>"; };
		8F6E61622D15F57B000B9DD5 /* SDL2_ttf.framework */ = {isa = PBXFileReference; lastKnownFileType = wrapper.framework; name = SDL2_ttf.framework; path = ../../../../../Library/Frameworks/SDL2_ttf.framework; sourceTree = "<group>"; };
		8F6E616B2D1603A7000B9DD5 /* NewYork.ttf */ = {isa = PBXFileReference; lastKnownFileType = file; path = NewYork.ttf; sourceTree = "<group>"; };
		8F6E616D2D1616BC000B9DD5 /* Score.cpp */ = {isa = PBXFileReference; lastKnownFileType = sourcecode.cpp.cpp; path = Score.cpp; sourceTree = "<group>"; };
		8F6E616E2D1616BC000B9DD5 /* Score.hpp */ = {isa = PBXFileReference; lastKnownFileType = sourcecode.cpp.h; path = Score.hpp; sourceTree = "<group>"; };
		8F6E61702D1625B3000B9DD5 /* BallLogic.cpp */ = {isa = PBXFileReference; lastKnownFileType = sourcecode.cpp.cpp; path = BallLogic.cpp; sourceTree = "<group>"; };
		8F6E61712D1625B3000B9DD5 /* BallLogic.hpp */ = {isa = PBXFileReference; lastKnownFileType = sourcecode.cpp.h; path = BallLogic.hpp; sourceTree = "<group>"; };
		8F6E61732D162639000B9DD5 /* Circle.cpp */ = {isa = PBXFileReference; lastKnownFileType = sourcecode.cpp.cpp; path = Circle.cpp; sourceTree = "<group>"; };
		8F6E61742D162639000B9DD5 /* Circle.hpp */ = {isa = PBXFileReference; lastKnownFileType = sourcecode.cpp.h; path = Circle.hpp; sourceTree = "<group>"; };
		8F6E61762D1626C1000B9DD5 /* Rectangle.cpp */ = {isa = PBXFileReference; lastKnownFileType = sourcecode.cpp.cpp; path = Rectangle.cpp; sourceTree = "<group>"; };
		8F6E61772D1626C1000B9DD5 /* Rectangle.hpp */ = {isa = PBXFileReference; lastKnownFileType = sourcecode.cpp.h; path = Rectangle.hpp; sourceTree = "<group>"; };
		8FC8E1702D2DB7D400A4B584 /* ShapeAssetManager.cpp */ = {isa = PBXFileReference; lastKnownFileType = sourcecode.cpp.cpp; path = ShapeAssetManager.cpp; sourceTree = "<group>"; };
		8FC8E1712D2DB7D400A4B584 /* ShapeAssetManager.hpp */ = {isa = PBXFileReference; lastKnownFileType = sourcecode.cpp.h; path = ShapeAssetManager.hpp; sourceTree = "<group>"; };
		8FF4498E2D2C649F00F1CA3E /* CommandProtocol.h */ = {isa = PBXFileReference; lastKnownFileType = sourcecode.c.h; path = CommandProtocol.h; sourceTree = "<group>"; };
		8FF449902D2C64E600F1CA3E /* SdlManagerProtocol.h */ = {isa = PBXFileReference; lastKnownFileType = sourcecode.c.h; path = SdlManagerProtocol.h; sourceTree = "<group>"; };
		8FF449922D2C660300F1CA3E /* MoveCommand.cpp */ = {isa = PBXFileReference; lastKnownFileType = sourcecode.cpp.cpp; path = MoveCommand.cpp; sourceTree = "<group>"; };
		8FF449932D2C660300F1CA3E /* MoveCommand.hpp */ = {isa = PBXFileReference; lastKnownFileType = sourcecode.cpp.h; path = MoveCommand.hpp; sourceTree = "<group>"; };
		8FF4499E2D2C6E5300F1CA3E /* InputManager.cpp */ = {isa = PBXFileReference; lastKnownFileType = sourcecode.cpp.cpp; path = InputManager.cpp; sourceTree = "<group>"; };
		8FF4499F2D2C6E5300F1CA3E /* InputManager.hpp */ = {isa = PBXFileReference; lastKnownFileType = sourcecode.cpp.h; path = InputManager.hpp; sourceTree = "<group>"; };
		8FF449A22D2C7F1300F1CA3E /* ShapeMovement.cpp */ = {isa = PBXFileReference; lastKnownFileType = sourcecode.cpp.cpp; path = ShapeMovement.cpp; sourceTree = "<group>"; };
		8FF449A32D2C7F1300F1CA3E /* ShapeMovement.hpp */ = {isa = PBXFileReference; lastKnownFileType = sourcecode.cpp.h; path = ShapeMovement.hpp; sourceTree = "<group>"; };
/* End PBXFileReference section */

/* Begin PBXFrameworksBuildPhase section */
		8F6E61112D1360B6000B9DD5 /* Frameworks */ = {
			isa = PBXFrameworksBuildPhase;
			buildActionMask = 2147483647;
			files = (
				8F6E616A2D1601B9000B9DD5 /* SDL2_ttf.framework in Frameworks */,
				8F6E61692D160147000B9DD5 /* SDL2_image.framework in Frameworks */,
				8F6E61492D13661D000B9DD5 /* SDL2.framework in Frameworks */,
			);
			runOnlyForDeploymentPostprocessing = 0;
		};
/* End PBXFrameworksBuildPhase section */

/* Begin PBXGroup section */
		8F6E610B2D1360B6000B9DD5 = {
			isa = PBXGroup;
			children = (
				8F6E61162D1360B6000B9DD5 /* SDL Test */,
				8F6E61152D1360B6000B9DD5 /* Products */,
				8F6E612A2D13622C000B9DD5 /* Frameworks */,
			);
			sourceTree = "<group>";
		};
		8F6E61152D1360B6000B9DD5 /* Products */ = {
			isa = PBXGroup;
			children = (
				8F6E61142D1360B6000B9DD5 /* SDL Test.app */,
			);
			name = Products;
			sourceTree = "<group>";
		};
		8F6E61162D1360B6000B9DD5 /* SDL Test */ = {
			isa = PBXGroup;
			children = (
				8FF449A12D2C7F0400F1CA3E /* Movement */,
				8FF449962D2C666300F1CA3E /* Game Manager */,
				8FF449952D2C664600F1CA3E /* GameObjects */,
				8FF4498F2D2C64B700F1CA3E /* Protocols */,
				8FF449912D2C65CE00F1CA3E /* Commands */,
				8FF4499A2D2C6DE200F1CA3E /* Input Manager */,
				8F6E61562D138640000B9DD5 /* circle.png */,
				8F6E61602D15E865000B9DD5 /* rectangle.png */,
				8F6E611A2D1360B8000B9DD5 /* Assets.xcassets */,
				8F6E616B2D1603A7000B9DD5 /* NewYork.ttf */,
				8F6E614C2D1366C7000B9DD5 /* SDL-Test-Info.plist */,
				8F6E61212D1360B8000B9DD5 /* SDL_Test.entitlements */,
				8F6E61272D13612F000B9DD5 /* main.cpp */,
				8F6E61282D13612F000B9DD5 /* main.hpp */,
			);
			path = "SDL Test";
			sourceTree = "<group>";
		};
		8F6E612A2D13622C000B9DD5 /* Frameworks */ = {
			isa = PBXGroup;
			children = (
				8F6E61622D15F57B000B9DD5 /* SDL2_ttf.framework */,
				8F6E614D2D136E18000B9DD5 /* SDL2_image.framework */,
				8F6E612B2D13622C000B9DD5 /* SDL2.framework */,
			);
			name = Frameworks;
			sourceTree = "<group>";
		};
		8FF4498F2D2C64B700F1CA3E /* Protocols */ = {
			isa = PBXGroup;
			children = (
				8FF4498E2D2C649F00F1CA3E /* CommandProtocol.h */,
				8FF449902D2C64E600F1CA3E /* SdlManagerProtocol.h */,
			);
			path = Protocols;
			sourceTree = "<group>";
		};
		8FF449912D2C65CE00F1CA3E /* Commands */ = {
			isa = PBXGroup;
			children = (
				8FF449922D2C660300F1CA3E /* MoveCommand.cpp */,
				8FF449932D2C660300F1CA3E /* MoveCommand.hpp */,
			);
			path = Commands;
			sourceTree = "<group>";
		};
		8FF449952D2C664600F1CA3E /* GameObjects */ = {
			isa = PBXGroup;
			children = (
				8F6E615B2D15E498000B9DD5 /* Shape.cpp */,
				8F6E615C2D15E498000B9DD5 /* Shape.hpp */,
				8F6E61732D162639000B9DD5 /* Circle.cpp */,
				8F6E61742D162639000B9DD5 /* Circle.hpp */,
				8F6E61762D1626C1000B9DD5 /* Rectangle.cpp */,
				8F6E61772D1626C1000B9DD5 /* Rectangle.hpp */,
			);
			path = GameObjects;
			sourceTree = "<group>";
		};
		8FF449962D2C666300F1CA3E /* Game Manager */ = {
			isa = PBXGroup;
			children = (
				8F6E61582D15DBBF000B9DD5 /* SdlManager.cpp */,
				8F6E61592D15DBBF000B9DD5 /* SdlManager.hpp */,
				8F6E616D2D1616BC000B9DD5 /* Score.cpp */,
				8F6E616E2D1616BC000B9DD5 /* Score.hpp */,
				8F6E61702D1625B3000B9DD5 /* BallLogic.cpp */,
				8F6E61712D1625B3000B9DD5 /* BallLogic.hpp */,
				8FC8E1702D2DB7D400A4B584 /* ShapeAssetManager.cpp */,
				8FC8E1712D2DB7D400A4B584 /* ShapeAssetManager.hpp */,
			);
			path = "Game Manager";
			sourceTree = "<group>";
		};
		8FF4499A2D2C6DE200F1CA3E /* Input Manager */ = {
			isa = PBXGroup;
			children = (
				8FF4499E2D2C6E5300F1CA3E /* InputManager.cpp */,
				8FF4499F2D2C6E5300F1CA3E /* InputManager.hpp */,
			);
			path = "Input Manager";
			sourceTree = "<group>";
		};
		8FF449A12D2C7F0400F1CA3E /* Movement */ = {
			isa = PBXGroup;
			children = (
				8FF449A22D2C7F1300F1CA3E /* ShapeMovement.cpp */,
				8FF449A32D2C7F1300F1CA3E /* ShapeMovement.hpp */,
			);
			path = Movement;
			sourceTree = "<group>";
		};
/* End PBXGroup section */

/* Begin PBXNativeTarget section */
		8F6E61132D1360B6000B9DD5 /* SDL Test */ = {
			isa = PBXNativeTarget;
			buildConfigurationList = 8F6E61242D1360B8000B9DD5 /* Build configuration list for PBXNativeTarget "SDL Test" */;
			buildPhases = (
				8F6E61102D1360B6000B9DD5 /* Sources */,
				8F6E61112D1360B6000B9DD5 /* Frameworks */,
				8F6E61122D1360B6000B9DD5 /* Resources */,
				8F6E614B2D13661D000B9DD5 /* Embed Frameworks */,
			);
			buildRules = (
			);
			dependencies = (
			);
			name = "SDL Test";
			productName = "SDL Test";
			productReference = 8F6E61142D1360B6000B9DD5 /* SDL Test.app */;
			productType = "com.apple.product-type.application";
		};
/* End PBXNativeTarget section */

/* Begin PBXProject section */
		8F6E610C2D1360B6000B9DD5 /* Project object */ = {
			isa = PBXProject;
			attributes = {
				BuildIndependentTargetsInParallel = 1;
				LastUpgradeCheck = 1540;
				TargetAttributes = {
					8F6E61132D1360B6000B9DD5 = {
						CreatedOnToolsVersion = 15.4;
					};
				};
			};
			buildConfigurationList = 8F6E610F2D1360B6000B9DD5 /* Build configuration list for PBXProject "SDL Test" */;
			compatibilityVersion = "Xcode 14.0";
			developmentRegion = en;
			hasScannedForEncodings = 0;
			knownRegions = (
				en,
				Base,
			);
			mainGroup = 8F6E610B2D1360B6000B9DD5;
			productRefGroup = 8F6E61152D1360B6000B9DD5 /* Products */;
			projectDirPath = "";
			projectRoot = "";
			targets = (
				8F6E61132D1360B6000B9DD5 /* SDL Test */,
			);
		};
/* End PBXProject section */

/* Begin PBXResourcesBuildPhase section */
		8F6E61122D1360B6000B9DD5 /* Resources */ = {
			isa = PBXResourcesBuildPhase;
			buildActionMask = 2147483647;
			files = (
				8F6E61612D15E865000B9DD5 /* rectangle.png in Resources */,
				8F6E611B2D1360B8000B9DD5 /* Assets.xcassets in Resources */,
				8F6E616C2D1603A7000B9DD5 /* NewYork.ttf in Resources */,
				8F6E61572D138640000B9DD5 /* circle.png in Resources */,
			);
			runOnlyForDeploymentPostprocessing = 0;
		};
/* End PBXResourcesBuildPhase section */

/* Begin PBXSourcesBuildPhase section */
		8F6E61102D1360B6000B9DD5 /* Sources */ = {
			isa = PBXSourcesBuildPhase;
			buildActionMask = 2147483647;
			files = (
				8F6E61292D13612F000B9DD5 /* main.cpp in Sources */,
				8F6E61752D162639000B9DD5 /* Circle.cpp in Sources */,
				8FC8E1722D2DB7D400A4B584 /* ShapeAssetManager.cpp in Sources */,
				8F6E61722D1625B3000B9DD5 /* BallLogic.cpp in Sources */,
				8F6E615A2D15DBBF000B9DD5 /* SdlManager.cpp in Sources */,
				8FF449A42D2C7F1300F1CA3E /* ShapeMovement.cpp in Sources */,
				8F6E616F2D1616BC000B9DD5 /* Score.cpp in Sources */,
				8FF449A02D2C6E5300F1CA3E /* InputManager.cpp in Sources */,
				8F6E61782D1626C1000B9DD5 /* Rectangle.cpp in Sources */,
				8FF449942D2C660300F1CA3E /* MoveCommand.cpp in Sources */,
				8F6E615D2D15E498000B9DD5 /* Shape.cpp in Sources */,
			);
			runOnlyForDeploymentPostprocessing = 0;
		};
/* End PBXSourcesBuildPhase section */

/* Begin XCBuildConfiguration section */
		8F6E61222D1360B8000B9DD5 /* Debug */ = {
			isa = XCBuildConfiguration;
			buildSettings = {
				ALWAYS_SEARCH_USER_PATHS = NO;
				ASSETCATALOG_COMPILER_GENERATE_SWIFT_ASSET_SYMBOL_EXTENSIONS = YES;
				CLANG_ANALYZER_NONNULL = YES;
				CLANG_ANALYZER_NUMBER_OBJECT_CONVERSION = YES_AGGRESSIVE;
				CLANG_CXX_LANGUAGE_STANDARD = "gnu++20";
				CLANG_ENABLE_MODULES = YES;
				CLANG_ENABLE_OBJC_ARC = YES;
				CLANG_ENABLE_OBJC_WEAK = YES;
				CLANG_WARN_BLOCK_CAPTURE_AUTORELEASING = YES;
				CLANG_WARN_BOOL_CONVERSION = YES;
				CLANG_WARN_COMMA = YES;
				CLANG_WARN_CONSTANT_CONVERSION = YES;
				CLANG_WARN_DEPRECATED_OBJC_IMPLEMENTATIONS = YES;
				CLANG_WARN_DIRECT_OBJC_ISA_USAGE = YES_ERROR;
				CLANG_WARN_DOCUMENTATION_COMMENTS = YES;
				CLANG_WARN_EMPTY_BODY = YES;
				CLANG_WARN_ENUM_CONVERSION = YES;
				CLANG_WARN_INFINITE_RECURSION = YES;
				CLANG_WARN_INT_CONVERSION = YES;
				CLANG_WARN_NON_LITERAL_NULL_CONVERSION = YES;
				CLANG_WARN_OBJC_IMPLICIT_RETAIN_SELF = YES;
				CLANG_WARN_OBJC_LITERAL_CONVERSION = YES;
				CLANG_WARN_OBJC_ROOT_CLASS = YES_ERROR;
				CLANG_WARN_QUOTED_INCLUDE_IN_FRAMEWORK_HEADER = YES;
				CLANG_WARN_RANGE_LOOP_ANALYSIS = YES;
				CLANG_WARN_STRICT_PROTOTYPES = YES;
				CLANG_WARN_SUSPICIOUS_MOVE = YES;
				CLANG_WARN_UNGUARDED_AVAILABILITY = YES_AGGRESSIVE;
				CLANG_WARN_UNREACHABLE_CODE = YES;
				CLANG_WARN__DUPLICATE_METHOD_MATCH = YES;
				COPY_PHASE_STRIP = NO;
				DEBUG_INFORMATION_FORMAT = dwarf;
				ENABLE_STRICT_OBJC_MSGSEND = YES;
				ENABLE_TESTABILITY = YES;
				ENABLE_USER_SCRIPT_SANDBOXING = YES;
				GCC_C_LANGUAGE_STANDARD = gnu17;
				GCC_DYNAMIC_NO_PIC = NO;
				GCC_NO_COMMON_BLOCKS = YES;
				GCC_OPTIMIZATION_LEVEL = 0;
				GCC_PREPROCESSOR_DEFINITIONS = (
					"DEBUG=1",
					"$(inherited)",
				);
				GCC_WARN_64_TO_32_BIT_CONVERSION = YES;
				GCC_WARN_ABOUT_RETURN_TYPE = YES_ERROR;
				GCC_WARN_UNDECLARED_SELECTOR = YES;
				GCC_WARN_UNINITIALIZED_AUTOS = YES_AGGRESSIVE;
				GCC_WARN_UNUSED_FUNCTION = YES;
				GCC_WARN_UNUSED_VARIABLE = YES;
				LOCALIZATION_PREFERS_STRING_CATALOGS = YES;
				MACOSX_DEPLOYMENT_TARGET = 14.2;
				MTL_ENABLE_DEBUG_INFO = INCLUDE_SOURCE;
				MTL_FAST_MATH = YES;
				ONLY_ACTIVE_ARCH = YES;
				SDKROOT = macosx;
			};
			name = Debug;
		};
		8F6E61232D1360B8000B9DD5 /* Release */ = {
			isa = XCBuildConfiguration;
			buildSettings = {
				ALWAYS_SEARCH_USER_PATHS = NO;
				ASSETCATALOG_COMPILER_GENERATE_SWIFT_ASSET_SYMBOL_EXTENSIONS = YES;
				CLANG_ANALYZER_NONNULL = YES;
				CLANG_ANALYZER_NUMBER_OBJECT_CONVERSION = YES_AGGRESSIVE;
				CLANG_CXX_LANGUAGE_STANDARD = "gnu++20";
				CLANG_ENABLE_MODULES = YES;
				CLANG_ENABLE_OBJC_ARC = YES;
				CLANG_ENABLE_OBJC_WEAK = YES;
				CLANG_WARN_BLOCK_CAPTURE_AUTORELEASING = YES;
				CLANG_WARN_BOOL_CONVERSION = YES;
				CLANG_WARN_COMMA = YES;
				CLANG_WARN_CONSTANT_CONVERSION = YES;
				CLANG_WARN_DEPRECATED_OBJC_IMPLEMENTATIONS = YES;
				CLANG_WARN_DIRECT_OBJC_ISA_USAGE = YES_ERROR;
				CLANG_WARN_DOCUMENTATION_COMMENTS = YES;
				CLANG_WARN_EMPTY_BODY = YES;
				CLANG_WARN_ENUM_CONVERSION = YES;
				CLANG_WARN_INFINITE_RECURSION = YES;
				CLANG_WARN_INT_CONVERSION = YES;
				CLANG_WARN_NON_LITERAL_NULL_CONVERSION = YES;
				CLANG_WARN_OBJC_IMPLICIT_RETAIN_SELF = YES;
				CLANG_WARN_OBJC_LITERAL_CONVERSION = YES;
				CLANG_WARN_OBJC_ROOT_CLASS = YES_ERROR;
				CLANG_WARN_QUOTED_INCLUDE_IN_FRAMEWORK_HEADER = YES;
				CLANG_WARN_RANGE_LOOP_ANALYSIS = YES;
				CLANG_WARN_STRICT_PROTOTYPES = YES;
				CLANG_WARN_SUSPICIOUS_MOVE = YES;
				CLANG_WARN_UNGUARDED_AVAILABILITY = YES_AGGRESSIVE;
				CLANG_WARN_UNREACHABLE_CODE = YES;
				CLANG_WARN__DUPLICATE_METHOD_MATCH = YES;
				COPY_PHASE_STRIP = NO;
				DEBUG_INFORMATION_FORMAT = "dwarf-with-dsym";
				ENABLE_NS_ASSERTIONS = NO;
				ENABLE_STRICT_OBJC_MSGSEND = YES;
				ENABLE_USER_SCRIPT_SANDBOXING = YES;
				GCC_C_LANGUAGE_STANDARD = gnu17;
				GCC_NO_COMMON_BLOCKS = YES;
				GCC_WARN_64_TO_32_BIT_CONVERSION = YES;
				GCC_WARN_ABOUT_RETURN_TYPE = YES_ERROR;
				GCC_WARN_UNDECLARED_SELECTOR = YES;
				GCC_WARN_UNINITIALIZED_AUTOS = YES_AGGRESSIVE;
				GCC_WARN_UNUSED_FUNCTION = YES;
				GCC_WARN_UNUSED_VARIABLE = YES;
				LOCALIZATION_PREFERS_STRING_CATALOGS = YES;
				MACOSX_DEPLOYMENT_TARGET = 14.2;
				MTL_ENABLE_DEBUG_INFO = NO;
				MTL_FAST_MATH = YES;
				SDKROOT = macosx;
			};
			name = Release;
		};
		8F6E61252D1360B8000B9DD5 /* Debug */ = {
			isa = XCBuildConfiguration;
			buildSettings = {
				ASSETCATALOG_COMPILER_APPICON_NAME = AppIcon;
				ASSETCATALOG_COMPILER_GLOBAL_ACCENT_COLOR_NAME = AccentColor;
				CODE_SIGN_ENTITLEMENTS = "SDL Test/SDL_Test.entitlements";
				CODE_SIGN_STYLE = Automatic;
				COMBINE_HIDPI_IMAGES = YES;
				CURRENT_PROJECT_VERSION = 1;
				DEVELOPMENT_TEAM = D94U49X98V;
				ENABLE_HARDENED_RUNTIME = YES;
				FRAMEWORK_SEARCH_PATHS = (
					"$(inherited)",
					"$(LOCAL_LIBRARY_DIR)/Frameworks",
				);
				GENERATE_INFOPLIST_FILE = YES;
				INFOPLIST_FILE = "SDL-Test-Info.plist";
				INFOPLIST_KEY_NSHumanReadableCopyright = "";
				INFOPLIST_KEY_NSMainNibFile = MainMenu;
				INFOPLIST_KEY_NSPrincipalClass = NSApplication;
				LD_RUNPATH_SEARCH_PATHS = (
					"$(inherited)",
					"@executable_path/../Frameworks",
				);
				MARKETING_VERSION = 1.0;
				OTHER_CODE_SIGN_FLAGS = "--deep";
				PRODUCT_BUNDLE_IDENTIFIER = "thiagoliporace.SDL-Test";
				PRODUCT_NAME = "$(TARGET_NAME)";
				SWIFT_EMIT_LOC_STRINGS = YES;
			};
			name = Debug;
		};
		8F6E61262D1360B8000B9DD5 /* Release */ = {
			isa = XCBuildConfiguration;
			buildSettings = {
				ASSETCATALOG_COMPILER_APPICON_NAME = AppIcon;
				ASSETCATALOG_COMPILER_GLOBAL_ACCENT_COLOR_NAME = AccentColor;
				CODE_SIGN_ENTITLEMENTS = "SDL Test/SDL_Test.entitlements";
				CODE_SIGN_STYLE = Automatic;
				COMBINE_HIDPI_IMAGES = YES;
				CURRENT_PROJECT_VERSION = 1;
				DEVELOPMENT_TEAM = D94U49X98V;
				ENABLE_HARDENED_RUNTIME = YES;
				FRAMEWORK_SEARCH_PATHS = (
					"$(inherited)",
					"$(LOCAL_LIBRARY_DIR)/Frameworks",
				);
				GENERATE_INFOPLIST_FILE = YES;
				INFOPLIST_FILE = "SDL-Test-Info.plist";
				INFOPLIST_KEY_NSHumanReadableCopyright = "";
				INFOPLIST_KEY_NSMainNibFile = MainMenu;
				INFOPLIST_KEY_NSPrincipalClass = NSApplication;
				LD_RUNPATH_SEARCH_PATHS = (
					"$(inherited)",
					"@executable_path/../Frameworks",
				);
				MARKETING_VERSION = 1.0;
				OTHER_CODE_SIGN_FLAGS = "--deep";
				PRODUCT_BUNDLE_IDENTIFIER = "thiagoliporace.SDL-Test";
				PRODUCT_NAME = "$(TARGET_NAME)";
				SWIFT_EMIT_LOC_STRINGS = YES;
			};
			name = Release;
		};
/* End XCBuildConfiguration section */

/* Begin XCConfigurationList section */
		8F6E610F2D1360B6000B9DD5 /* Build configuration list for PBXProject "SDL Test" */ = {
			isa = XCConfigurationList;
			buildConfigurations = (
				8F6E61222D1360B8000B9DD5 /* Debug */,
				8F6E61232D1360B8000B9DD5 /* Release */,
			);
			defaultConfigurationIsVisible = 0;
			defaultConfigurationName = Release;
		};
		8F6E61242D1360B8000B9DD5 /* Build configuration list for PBXNativeTarget "SDL Test" */ = {
			isa = XCConfigurationList;
			buildConfigurations = (
				8F6E61252D1360B8000B9DD5 /* Debug */,
				8F6E61262D1360B8000B9DD5 /* Release */,
			);
			defaultConfigurationIsVisible = 0;
			defaultConfigurationName = Release;
		};
/* End XCConfigurationList section */
	};
	rootObject = 8F6E610C2D1360B6000B9DD5 /* Project object */;
}
